{
  "name": "invoicer",
  "version": "1.0.0",
  "lockfileVersion": 3,
  "requires": true,
  "packages": {
    "": {
      "name": "invoicer",
      "version": "1.0.0",
      "license": "ISC",
      "dependencies": {
        "playwright": "^1.62.0-alpha-1781285727000"
      }
    },
    "node_modules/fsevents": {
      "version": "2.3.2",
      "resolved": "https://npm.artifacts.gdplat.net/prod/fsevents/-/fsevents-2.3.2.tgz",
      "integrity": "sha512-xiqMQR4xAeHTuB9uWm+fFRcIOgKBMiOBP+eXiyT7jsgVCq1bkVygt00oASowB7EdtpOHaaPgKt812P9ab+DDKA==",
      "license": "MIT",
      "optional": true,
      "os": [
        "darwin"
      ],
      "engines": {
        "node": "^8.16.0 || ^10.6.0 || >=11.0.0"
      }
    },
    "node_modules/playwright": {
      "version": "1.62.0-alpha-1781285727000",
      "resolved": "https://npm.artifacts.gdplat.net/prod/playwright/-/playwright-1.62.0-alpha-1781285727000.tgz",
      "integrity": "sha512-8h6DFX7COprG+e1gr9QRJH1CBAeSkolThegV7Nre48W9SAPKGR0++l2olvETiz+TF0qA+GsJcaGHcCk0+lX5Aw==",
      "license": "Apache-2.0",
      "dependencies": {
        "playwright-core": "1.62.0-alpha-1781285727000"
      },
      "bin": {
        "playwright": "cli.js"
      },
      "engines": {
        "node": ">=18"
      },
      "optionalDependencies": {
        "fsevents": "2.3.2"
      }
    },
    "node_modules/playwright-core": {
      "version": "1.62.0-alpha-1781285727000",
      "resolved": "https://npm.artifacts.gdplat.net/prod/playwright-core/-/playwright-core-1.62.0-alpha-1781285727000.tgz",
      "integrity": "sha512-NPwzQBFzNeKMHbh1kshW/o4DcPpLeRuLFv8cPToF6JcTYLEy242WXkAh9LwEMiEtRVS45xWQ3Y90LO4FJKCTzA==",
      "license": "Apache-2.0",
      "bin": {
        "playwright-core": "cli.js"
      },
      "engines": {
        "node": ">=18"
      }
    }
  }
}
